
Microsoft Visual Studio Solution File, Format Version 12.00
# Visual Studio Version 16
VisualStudioVersion = 16.0.29519.87
MinimumVisualStudioVersion = 10.0.40219.1
Project("{9A19103F-16F7-4668-BE54-9A1E7A4F7556}") = "HelloWorld", "HelloWorld\HelloWorld.csproj", "{94398DA1-C635-4BDC-8357-4CEF670BEB49}"
EndProject
Project("{9A19103F-16F7-4668-BE54-9A1E7A4F7556}") = "Reference", "Reference\Reference.csproj", "{496AD986-F237-4B0B-AB4F-24A865A47E26}"
EndProject
Project("{9A19103F-16F7-4668-BE54-9A1E7A4F7556}") = "_03CodeStartAndReading", "_03CodeStartAndReading\_03CodeStartAndReading.csproj", "{F6162848-3465-498A-9426-00EAAB4BBCFC}"
EndProject
Project("{9A19103F-16F7-4668-BE54-9A1E7A4F7556}") = "_01Class", "_01Class\_01Class.csproj", "{8746A543-7024-401D-9999-526C87E28362}"
EndProject
Project("{9A19103F-16F7-4668-BE54-9A1E7A4F7556}") = "_02NameSpace", "_02NameSpace\_02NameSpace.csproj", "{3BE67AD7-7EBD-45F2-939A-BBB050F91075}"
EndProject
Project("{9A19103F-16F7-4668-BE54-9A1E7A4F7556}") = "_04MemberVar", "_04MemberVar\_04MemberVar.csproj", "{A12D819A-8462-4DEC-BA42-73CA0C0D26A9}"
EndProject
Project("{9A19103F-16F7-4668-BE54-9A1E7A4F7556}") = "_05MemberFunc", "_05MemberFunc\_05MemberFunc.csproj", "{6F9BA5F7-BBC5-4DB2-B7E2-A242EE5671BC}"
EndProject
Project("{9A19103F-16F7-4668-BE54-9A1E7A4F7556}") = "_06LocalVar", "_06LocalVar\_06LocalVar.csproj", "{E7DE73F4-9C08-4E13-B71C-F372FF0F7DC8}"
EndProject
Project("{9A19103F-16F7-4668-BE54-9A1E7A4F7556}") = "_07ClassAccess", "_07ClassAccess\_07ClassAccess.csproj", "{6EB00E26-6AF1-46C6-8441-81D1C817A756}"
EndProject
Project("{9A19103F-16F7-4668-BE54-9A1E7A4F7556}") = "_08FuncEx", "_08FuncEx\_08FuncEx.csproj", "{68985ACD-D317-4FD1-858D-C3DEEB51918F}"
EndProject
Project("{9A19103F-16F7-4668-BE54-9A1E7A4F7556}") = "_10Memory00_Func_", "_10Memory00_Func_\_10Memory00_Func_.csproj", "{7B126AC0-51FC-4A69-A49B-F7161B01066F}"
EndProject
Project("{9A19103F-16F7-4668-BE54-9A1E7A4F7556}") = "_11Memory00_Value_", "_11Memory00_Value_\_11Memory00_Value_.csproj", "{41D013AA-C2A6-44A0-9377-8AB5EBC0313E}"
EndProject
Project("{9A19103F-16F7-4668-BE54-9A1E7A4F7556}") = "_12Memory02_Reference_", "_12Memory02_Reference_\_12Memory02_Reference_.csproj", "{B87E1507-5308-4BE7-B898-1B30F14B0568}"
EndProject
Project("{9A19103F-16F7-4668-BE54-9A1E7A4F7556}") = "_13StaticVar", "_13StaticVar\_13StaticVar.csproj", "{EC0C6F8E-8E3F-4441-9B67-6AE5F72B5E04}"
EndProject
Project("{9A19103F-16F7-4668-BE54-9A1E7A4F7556}") = "_14StaticFunc", "_14StaticFunc\_14StaticFunc.csproj", "{B9462803-8161-42E5-A653-7AD3AD0E5A22}"
EndProject
Project("{9A19103F-16F7-4668-BE54-9A1E7A4F7556}") = "_15StaticClass", "_15StaticClass\_15StaticClass.csproj", "{9E5DCBC9-D050-44D0-B64C-E291C806ADD9}"
EndProject
Project("{9A19103F-16F7-4668-BE54-9A1E7A4F7556}") = "_15This", "_15This\_15This.csproj", "{CECB922C-DA39-49A6-9B1F-50662727AA59}"
EndProject
Project("{9A19103F-16F7-4668-BE54-9A1E7A4F7556}") = "_17While", "_17While\_17While.csproj", "{4AA0048C-7E7C-4348-B019-69292D0293A4}"
EndProject
Project("{9A19103F-16F7-4668-BE54-9A1E7A4F7556}") = "_18For", "_18For\_18For.csproj", "{E5A1F509-31FD-4E26-BC9A-8ECCF2B7E161}"
EndProject
Project("{9A19103F-16F7-4668-BE54-9A1E7A4F7556}") = "_19If", "_19If\_19If.csproj", "{1AE01C9C-44C7-43B2-8BD5-997A9D54A5A0}"
EndProject
Project("{9A19103F-16F7-4668-BE54-9A1E7A4F7556}") = "_20Switch", "_20Switch\_20Switch.csproj", "{30280ABF-EE51-4A61-BC65-4366D2CAAA10}"
EndProject
Project("{9A19103F-16F7-4668-BE54-9A1E7A4F7556}") = "_21Struct_Enum", "_12Struct_Enum\_21Struct_Enum.csproj", "{76EDF34F-9738-4961-83D4-24391AA884A2}"
EndProject
Project("{9A19103F-16F7-4668-BE54-9A1E7A4F7556}") = "_22Enum", "_22Enum\_22Enum.csproj", "{FDAA7378-14DE-4223-9984-550371A471AF}"
EndProject
Project("{2150E333-8FDC-42A3-9474-1A3956D46DE8}") = "Game", "Game", "{4127F96C-DFAE-4BD2-BF3A-91FE8E3E8BCC}"
EndProject
Project("{9A19103F-16F7-4668-BE54-9A1E7A4F7556}") = "TextRpg001", "TextRpg001\TextRpg001.csproj", "{F67EE3AD-B62E-4920-8284-D0BBF1365525}"
EndProject
Project("{9A19103F-16F7-4668-BE54-9A1E7A4F7556}") = "_23Inheritance", "_23Inheritance\_23Inheritance.csproj", "{DE0356B2-389C-488E-BE8D-1614EDA8556C}"
EndProject
Project("{9A19103F-16F7-4668-BE54-9A1E7A4F7556}") = "_24ClassConstructor", "_24ClassConstructor\_24ClassConstructor.csproj", "{F4AE21E9-D574-4486-B960-504A5D02F8F5}"
EndProject
Project("{9A19103F-16F7-4668-BE54-9A1E7A4F7556}") = "TextRpgHW_Practice", "TextRpgHW_Practice\TextRpgHW_Practice.csproj", "{AA87D5DB-846F-4519-8160-7FB39E32E585}"
EndProject
Project("{9A19103F-16F7-4668-BE54-9A1E7A4F7556}") = "_25String01", "_25String01\_25String01.csproj", "{6C4D2960-6E25-44E6-B20B-11717672F532}"
EndProject
Project("{9A19103F-16F7-4668-BE54-9A1E7A4F7556}") = "_26Property", "_26Property\_26Property.csproj", "{76AE9D52-91A0-4936-B1B4-5039EE9C40AB}"
EndProject
Project("{9A19103F-16F7-4668-BE54-9A1E7A4F7556}") = "_27ClassFile", "_27ClassFile\_27ClassFile.csproj", "{2026E961-7A53-4468-8395-01845AC7C52E}"
EndProject
Project("{9A19103F-16F7-4668-BE54-9A1E7A4F7556}") = "_28Partial", "_28Partial\_28Partial.csproj", "{6C44E38D-1EF1-4C60-9017-2DA22E43C90A}"
EndProject
Project("{9A19103F-16F7-4668-BE54-9A1E7A4F7556}") = "_29OverLoading", "_29OverLoading\_29OverLoading.csproj", "{3E9274C0-8851-49AD-9C5E-E85E59879028}"
EndProject
Project("{9A19103F-16F7-4668-BE54-9A1E7A4F7556}") = "_30OverRiding", "_30OverRiding\_30OverRiding.csproj", "{2B74F1BA-BD1B-4CFC-A1F2-BABD57C97831}"
EndProject
Project("{9A19103F-16F7-4668-BE54-9A1E7A4F7556}") = "_31InterFace", "_31InterFace\_31InterFace.csproj", "{08C03BB0-79F7-48DF-85D0-BA898F7176BB}"
EndProject
Project("{9A19103F-16F7-4668-BE54-9A1E7A4F7556}") = "_32Array", "_32Array\_32Array.csproj", "{7DDB8F6C-38CA-4777-8E55-A9DBCC3FA958}"
EndProject
Project("{9A19103F-16F7-4668-BE54-9A1E7A4F7556}") = "InvenSystem", "InvenSystem\InvenSystem.csproj", "{785FAD97-51C9-4EED-A856-6873965CADA1}"
EndProject
Project("{9A19103F-16F7-4668-BE54-9A1E7A4F7556}") = "_33Null", "_33Null\_33Null.csproj", "{31DC1FEF-5587-4B70-BB7F-9DFE76654D6D}"
EndProject
Project("{9A19103F-16F7-4668-BE54-9A1E7A4F7556}") = "_34BreakContinue", "_34BreakContinue\_34BreakContinue.csproj", "{A42F2B8A-2FC6-4C63-BC6A-20F85649543C}"
EndProject
Project("{9A19103F-16F7-4668-BE54-9A1E7A4F7556}") = "_35InnerUserDataType", "_35InnerUserDataType\_35InnerUserDataType.csproj", "{D00D095E-5919-4704-BD79-B0F969B35B6B}"
EndProject
Project("{9A19103F-16F7-4668-BE54-9A1E7A4F7556}") = "_36Generic00", "_36Generic00\_36Generic00.csproj", "{0F301F0A-6E1F-4F11-BECB-A7259210EDC0}"
EndProject
Project("{9A19103F-16F7-4668-BE54-9A1E7A4F7556}") = "_37Reference01", "_37Reference01\_37Reference01.csproj", "{BCC652E6-F3CD-401C-AD35-E245BEABBA44}"
EndProject
Project("{9A19103F-16F7-4668-BE54-9A1E7A4F7556}") = "_38DataStructur", "_38DataStructur\_38DataStructur.csproj", "{5B041A5C-EAF5-4A43-8D7A-868935870F30}"
EndProject
Project("{9A19103F-16F7-4668-BE54-9A1E7A4F7556}") = "_38_1_DataStructure_List", "_38_1_DataStructure_List\_38_1_DataStructure_List.csproj", "{0515C54B-5A90-4FC9-BBDD-BB10CEB282E3}"
EndProject
Project("{FAE04EC0-301F-11D3-BF4B-00C04F79EFBC}") = "_38_03_DataStructure_Dictionary", "_38_03_DataStructure_Dictionary\_38_03_DataStructure_Dictionary.csproj", "{3430D4BB-3EF5-4044-B547-942F4368E8D7}"
EndProject
Project("{FAE04EC0-301F-11D3-BF4B-00C04F79EFBC}") = "_38_DataStuructureEX", "_38_DataStuructureEX\_38_DataStuructureEX.csproj", "{CF514F71-32C3-4C60-AA13-6599C96DBA02}"
EndProject
Project("{FAE04EC0-301F-11D3-BF4B-00C04F79EFBC}") = "Tetris", "Tetris\Tetris.csproj", "{5F12A4B6-9AB5-451A-87DD-2BE7A6F3F62B}"
EndProject
Global
	GlobalSection(SolutionConfigurationPlatforms) = preSolution
		Debug|Any CPU = Debug|Any CPU
		Release|Any CPU = Release|Any CPU
	EndGlobalSection
	GlobalSection(ProjectConfigurationPlatforms) = postSolution
		{94398DA1-C635-4BDC-8357-4CEF670BEB49}.Debug|Any CPU.ActiveCfg = Debug|Any CPU
		{94398DA1-C635-4BDC-8357-4CEF670BEB49}.Debug|Any CPU.Build.0 = Debug|Any CPU
		{94398DA1-C635-4BDC-8357-4CEF670BEB49}.Release|Any CPU.ActiveCfg = Release|Any CPU
		{94398DA1-C635-4BDC-8357-4CEF670BEB49}.Release|Any CPU.Build.0 = Release|Any CPU
		{496AD986-F237-4B0B-AB4F-24A865A47E26}.Debug|Any CPU.ActiveCfg = Debug|Any CPU
		{496AD986-F237-4B0B-AB4F-24A865A47E26}.Debug|Any CPU.Build.0 = Debug|Any CPU
		{496AD986-F237-4B0B-AB4F-24A865A47E26}.Release|Any CPU.ActiveCfg = Release|Any CPU
		{496AD986-F237-4B0B-AB4F-24A865A47E26}.Release|Any CPU.Build.0 = Release|Any CPU
		{F6162848-3465-498A-9426-00EAAB4BBCFC}.Debug|Any CPU.ActiveCfg = Debug|Any CPU
		{F6162848-3465-498A-9426-00EAAB4BBCFC}.Debug|Any CPU.Build.0 = Debug|Any CPU
		{F6162848-3465-498A-9426-00EAAB4BBCFC}.Release|Any CPU.ActiveCfg = Release|Any CPU
		{F6162848-3465-498A-9426-00EAAB4BBCFC}.Release|Any CPU.Build.0 = Release|Any CPU
		{8746A543-7024-401D-9999-526C87E28362}.Debug|Any CPU.ActiveCfg = Debug|Any CPU
		{8746A543-7024-401D-9999-526C87E28362}.Debug|Any CPU.Build.0 = Debug|Any CPU
		{8746A543-7024-401D-9999-526C87E28362}.Release|Any CPU.ActiveCfg = Release|Any CPU
		{8746A543-7024-401D-9999-526C87E28362}.Release|Any CPU.Build.0 = Release|Any CPU
		{3BE67AD7-7EBD-45F2-939A-BBB050F91075}.Debug|Any CPU.ActiveCfg = Debug|Any CPU
		{3BE67AD7-7EBD-45F2-939A-BBB050F91075}.Debug|Any CPU.Build.0 = Debug|Any CPU
		{3BE67AD7-7EBD-45F2-939A-BBB050F91075}.Release|Any CPU.ActiveCfg = Release|Any CPU
		{3BE67AD7-7EBD-45F2-939A-BBB050F91075}.Release|Any CPU.Build.0 = Release|Any CPU
		{A12D819A-8462-4DEC-BA42-73CA0C0D26A9}.Debug|Any CPU.ActiveCfg = Debug|Any CPU
		{A12D819A-8462-4DEC-BA42-73CA0C0D26A9}.Debug|Any CPU.Build.0 = Debug|Any CPU
		{A12D819A-8462-4DEC-BA42-73CA0C0D26A9}.Release|Any CPU.ActiveCfg = Release|Any CPU
		{A12D819A-8462-4DEC-BA42-73CA0C0D26A9}.Release|Any CPU.Build.0 = Release|Any CPU
		{6F9BA5F7-BBC5-4DB2-B7E2-A242EE5671BC}.Debug|Any CPU.ActiveCfg = Debug|Any CPU
		{6F9BA5F7-BBC5-4DB2-B7E2-A242EE5671BC}.Debug|Any CPU.Build.0 = Debug|Any CPU
		{6F9BA5F7-BBC5-4DB2-B7E2-A242EE5671BC}.Release|Any CPU.ActiveCfg = Release|Any CPU
		{6F9BA5F7-BBC5-4DB2-B7E2-A242EE5671BC}.Release|Any CPU.Build.0 = Release|Any CPU
		{E7DE73F4-9C08-4E13-B71C-F372FF0F7DC8}.Debug|Any CPU.ActiveCfg = Debug|Any CPU
		{E7DE73F4-9C08-4E13-B71C-F372FF0F7DC8}.Debug|Any CPU.Build.0 = Debug|Any CPU
		{E7DE73F4-9C08-4E13-B71C-F372FF0F7DC8}.Release|Any CPU.ActiveCfg = Release|Any CPU
		{E7DE73F4-9C08-4E13-B71C-F372FF0F7DC8}.Release|Any CPU.Build.0 = Release|Any CPU
		{6EB00E26-6AF1-46C6-8441-81D1C817A756}.Debug|Any CPU.ActiveCfg = Debug|Any CPU
		{6EB00E26-6AF1-46C6-8441-81D1C817A756}.Debug|Any CPU.Build.0 = Debug|Any CPU
		{6EB00E26-6AF1-46C6-8441-81D1C817A756}.Release|Any CPU.ActiveCfg = Release|Any CPU
		{6EB00E26-6AF1-46C6-8441-81D1C817A756}.Release|Any CPU.Build.0 = Release|Any CPU
		{68985ACD-D317-4FD1-858D-C3DEEB51918F}.Debug|Any CPU.ActiveCfg = Debug|Any CPU
		{68985ACD-D317-4FD1-858D-C3DEEB51918F}.Debug|Any CPU.Build.0 = Debug|Any CPU
		{68985ACD-D317-4FD1-858D-C3DEEB51918F}.Release|Any CPU.ActiveCfg = Release|Any CPU
		{68985ACD-D317-4FD1-858D-C3DEEB51918F}.Release|Any CPU.Build.0 = Release|Any CPU
		{7B126AC0-51FC-4A69-A49B-F7161B01066F}.Debug|Any CPU.ActiveCfg = Debug|Any CPU
		{7B126AC0-51FC-4A69-A49B-F7161B01066F}.Debug|Any CPU.Build.0 = Debug|Any CPU
		{7B126AC0-51FC-4A69-A49B-F7161B01066F}.Release|Any CPU.ActiveCfg = Release|Any CPU
		{7B126AC0-51FC-4A69-A49B-F7161B01066F}.Release|Any CPU.Build.0 = Release|Any CPU
		{41D013AA-C2A6-44A0-9377-8AB5EBC0313E}.Debug|Any CPU.ActiveCfg = Debug|Any CPU
		{41D013AA-C2A6-44A0-9377-8AB5EBC0313E}.Debug|Any CPU.Build.0 = Debug|Any CPU
		{41D013AA-C2A6-44A0-9377-8AB5EBC0313E}.Release|Any CPU.ActiveCfg = Release|Any CPU
		{41D013AA-C2A6-44A0-9377-8AB5EBC0313E}.Release|Any CPU.Build.0 = Release|Any CPU
		{B87E1507-5308-4BE7-B898-1B30F14B0568}.Debug|Any CPU.ActiveCfg = Debug|Any CPU
		{B87E1507-5308-4BE7-B898-1B30F14B0568}.Debug|Any CPU.Build.0 = Debug|Any CPU
		{B87E1507-5308-4BE7-B898-1B30F14B0568}.Release|Any CPU.ActiveCfg = Release|Any CPU
		{B87E1507-5308-4BE7-B898-1B30F14B0568}.Release|Any CPU.Build.0 = Release|Any CPU
		{EC0C6F8E-8E3F-4441-9B67-6AE5F72B5E04}.Debug|Any CPU.ActiveCfg = Debug|Any CPU
		{EC0C6F8E-8E3F-4441-9B67-6AE5F72B5E04}.Debug|Any CPU.Build.0 = Debug|Any CPU
		{EC0C6F8E-8E3F-4441-9B67-6AE5F72B5E04}.Release|Any CPU.ActiveCfg = Release|Any CPU
		{EC0C6F8E-8E3F-4441-9B67-6AE5F72B5E04}.Release|Any CPU.Build.0 = Release|Any CPU
		{B9462803-8161-42E5-A653-7AD3AD0E5A22}.Debug|Any CPU.ActiveCfg = Debug|Any CPU
		{B9462803-8161-42E5-A653-7AD3AD0E5A22}.Debug|Any CPU.Build.0 = Debug|Any CPU
		{B9462803-8161-42E5-A653-7AD3AD0E5A22}.Release|Any CPU.ActiveCfg = Release|Any CPU
		{B9462803-8161-42E5-A653-7AD3AD0E5A22}.Release|Any CPU.Build.0 = Release|Any CPU
		{9E5DCBC9-D050-44D0-B64C-E291C806ADD9}.Debug|Any CPU.ActiveCfg = Debug|Any CPU
		{9E5DCBC9-D050-44D0-B64C-E291C806ADD9}.Debug|Any CPU.Build.0 = Debug|Any CPU
		{9E5DCBC9-D050-44D0-B64C-E291C806ADD9}.Release|Any CPU.ActiveCfg = Release|Any CPU
		{9E5DCBC9-D050-44D0-B64C-E291C806ADD9}.Release|Any CPU.Build.0 = Release|Any CPU
		{CECB922C-DA39-49A6-9B1F-50662727AA59}.Debug|Any CPU.ActiveCfg = Debug|Any CPU
		{CECB922C-DA39-49A6-9B1F-50662727AA59}.Debug|Any CPU.Build.0 = Debug|Any CPU
		{CECB922C-DA39-49A6-9B1F-50662727AA59}.Release|Any CPU.ActiveCfg = Release|Any CPU
		{CECB922C-DA39-49A6-9B1F-50662727AA59}.Release|Any CPU.Build.0 = Release|Any CPU
		{4AA0048C-7E7C-4348-B019-69292D0293A4}.Debug|Any CPU.ActiveCfg = Debug|Any CPU
		{4AA0048C-7E7C-4348-B019-69292D0293A4}.Debug|Any CPU.Build.0 = Debug|Any CPU
		{4AA0048C-7E7C-4348-B019-69292D0293A4}.Release|Any CPU.ActiveCfg = Release|Any CPU
		{4AA0048C-7E7C-4348-B019-69292D0293A4}.Release|Any CPU.Build.0 = Release|Any CPU
		{E5A1F509-31FD-4E26-BC9A-8ECCF2B7E161}.Debug|Any CPU.ActiveCfg = Debug|Any CPU
		{E5A1F509-31FD-4E26-BC9A-8ECCF2B7E161}.Debug|Any CPU.Build.0 = Debug|Any CPU
		{E5A1F509-31FD-4E26-BC9A-8ECCF2B7E161}.Release|Any CPU.ActiveCfg = Release|Any CPU
		{E5A1F509-31FD-4E26-BC9A-8ECCF2B7E161}.Release|Any CPU.Build.0 = Release|Any CPU
		{1AE01C9C-44C7-43B2-8BD5-997A9D54A5A0}.Debug|Any CPU.ActiveCfg = Debug|Any CPU
		{1AE01C9C-44C7-43B2-8BD5-997A9D54A5A0}.Debug|Any CPU.Build.0 = Debug|Any CPU
		{1AE01C9C-44C7-43B2-8BD5-997A9D54A5A0}.Release|Any CPU.ActiveCfg = Release|Any CPU
		{1AE01C9C-44C7-43B2-8BD5-997A9D54A5A0}.Release|Any CPU.Build.0 = Release|Any CPU
		{30280ABF-EE51-4A61-BC65-4366D2CAAA10}.Debug|Any CPU.ActiveCfg = Debug|Any CPU
		{30280ABF-EE51-4A61-BC65-4366D2CAAA10}.Debug|Any CPU.Build.0 = Debug|Any CPU
		{30280ABF-EE51-4A61-BC65-4366D2CAAA10}.Release|Any CPU.ActiveCfg = Release|Any CPU
		{30280ABF-EE51-4A61-BC65-4366D2CAAA10}.Release|Any CPU.Build.0 = Release|Any CPU
		{76EDF34F-9738-4961-83D4-24391AA884A2}.Debug|Any CPU.ActiveCfg = Debug|Any CPU
		{76EDF34F-9738-4961-83D4-24391AA884A2}.Debug|Any CPU.Build.0 = Debug|Any CPU
		{76EDF34F-9738-4961-83D4-24391AA884A2}.Release|Any CPU.ActiveCfg = Release|Any CPU
		{76EDF34F-9738-4961-83D4-24391AA884A2}.Release|Any CPU.Build.0 = Release|Any CPU
		{FDAA7378-14DE-4223-9984-550371A471AF}.Debug|Any CPU.ActiveCfg = Debug|Any CPU
		{FDAA7378-14DE-4223-9984-550371A471AF}.Debug|Any CPU.Build.0 = Debug|Any CPU
		{FDAA7378-14DE-4223-9984-550371A471AF}.Release|Any CPU.ActiveCfg = Release|Any CPU
		{FDAA7378-14DE-4223-9984-550371A471AF}.Release|Any CPU.Build.0 = Release|Any CPU
		{F67EE3AD-B62E-4920-8284-D0BBF1365525}.Debug|Any CPU.ActiveCfg = Debug|Any CPU
		{F67EE3AD-B62E-4920-8284-D0BBF1365525}.Debug|Any CPU.Build.0 = Debug|Any CPU
		{F67EE3AD-B62E-4920-8284-D0BBF1365525}.Release|Any CPU.ActiveCfg = Release|Any CPU
		{F67EE3AD-B62E-4920-8284-D0BBF1365525}.Release|Any CPU.Build.0 = Release|Any CPU
		{DE0356B2-389C-488E-BE8D-1614EDA8556C}.Debug|Any CPU.ActiveCfg = Debug|Any CPU
		{DE0356B2-389C-488E-BE8D-1614EDA8556C}.Debug|Any CPU.Build.0 = Debug|Any CPU
		{DE0356B2-389C-488E-BE8D-1614EDA8556C}.Release|Any CPU.ActiveCfg = Release|Any CPU
		{DE0356B2-389C-488E-BE8D-1614EDA8556C}.Release|Any CPU.Build.0 = Release|Any CPU
		{F4AE21E9-D574-4486-B960-504A5D02F8F5}.Debug|Any CPU.ActiveCfg = Debug|Any CPU
		{F4AE21E9-D574-4486-B960-504A5D02F8F5}.Debug|Any CPU.Build.0 = Debug|Any CPU
		{F4AE21E9-D574-4486-B960-504A5D02F8F5}.Release|Any CPU.ActiveCfg = Release|Any CPU
		{F4AE21E9-D574-4486-B960-504A5D02F8F5}.Release|Any CPU.Build.0 = Release|Any CPU
		{AA87D5DB-846F-4519-8160-7FB39E32E585}.Debug|Any CPU.ActiveCfg = Debug|Any CPU
		{AA87D5DB-846F-4519-8160-7FB39E32E585}.Debug|Any CPU.Build.0 = Debug|Any CPU
		{AA87D5DB-846F-4519-8160-7FB39E32E585}.Release|Any CPU.ActiveCfg = Release|Any CPU
		{AA87D5DB-846F-4519-8160-7FB39E32E585}.Release|Any CPU.Build.0 = Release|Any CPU
		{6C4D2960-6E25-44E6-B20B-11717672F532}.Debug|Any CPU.ActiveCfg = Debug|Any CPU
		{6C4D2960-6E25-44E6-B20B-11717672F532}.Debug|Any CPU.Build.0 = Debug|Any CPU
		{6C4D2960-6E25-44E6-B20B-11717672F532}.Release|Any CPU.ActiveCfg = Release|Any CPU
		{6C4D2960-6E25-44E6-B20B-11717672F532}.Release|Any CPU.Build.0 = Release|Any CPU
		{76AE9D52-91A0-4936-B1B4-5039EE9C40AB}.Debug|Any CPU.ActiveCfg = Debug|Any CPU
		{76AE9D52-91A0-4936-B1B4-5039EE9C40AB}.Debug|Any CPU.Build.0 = Debug|Any CPU
		{76AE9D52-91A0-4936-B1B4-5039EE9C40AB}.Release|Any CPU.ActiveCfg = Release|Any CPU
		{76AE9D52-91A0-4936-B1B4-5039EE9C40AB}.Release|Any CPU.Build.0 = Release|Any CPU
		{2026E961-7A53-4468-8395-01845AC7C52E}.Debug|Any CPU.ActiveCfg = Debug|Any CPU
		{2026E961-7A53-4468-8395-01845AC7C52E}.Debug|Any CPU.Build.0 = Debug|Any CPU
		{2026E961-7A53-4468-8395-01845AC7C52E}.Release|Any CPU.ActiveCfg = Release|Any CPU
		{2026E961-7A53-4468-8395-01845AC7C52E}.Release|Any CPU.Build.0 = Release|Any CPU
		{6C44E38D-1EF1-4C60-9017-2DA22E43C90A}.Debug|Any CPU.ActiveCfg = Debug|Any CPU
		{6C44E38D-1EF1-4C60-9017-2DA22E43C90A}.Debug|Any CPU.Build.0 = Debug|Any CPU
		{6C44E38D-1EF1-4C60-9017-2DA22E43C90A}.Release|Any CPU.ActiveCfg = Release|Any CPU
		{6C44E38D-1EF1-4C60-9017-2DA22E43C90A}.Release|Any CPU.Build.0 = Release|Any CPU
		{3E9274C0-8851-49AD-9C5E-E85E59879028}.Debug|Any CPU.ActiveCfg = Debug|Any CPU
		{3E9274C0-8851-49AD-9C5E-E85E59879028}.Debug|Any CPU.Build.0 = Debug|Any CPU
		{3E9274C0-8851-49AD-9C5E-E85E59879028}.Release|Any CPU.ActiveCfg = Release|Any CPU
		{3E9274C0-8851-49AD-9C5E-E85E59879028}.Release|Any CPU.Build.0 = Release|Any CPU
		{2B74F1BA-BD1B-4CFC-A1F2-BABD57C97831}.Debug|Any CPU.ActiveCfg = Debug|Any CPU
		{2B74F1BA-BD1B-4CFC-A1F2-BABD57C97831}.Debug|Any CPU.Build.0 = Debug|Any CPU
		{2B74F1BA-BD1B-4CFC-A1F2-BABD57C97831}.Release|Any CPU.ActiveCfg = Release|Any CPU
		{2B74F1BA-BD1B-4CFC-A1F2-BABD57C97831}.Release|Any CPU.Build.0 = Release|Any CPU
		{08C03BB0-79F7-48DF-85D0-BA898F7176BB}.Debug|Any CPU.ActiveCfg = Debug|Any CPU
		{08C03BB0-79F7-48DF-85D0-BA898F7176BB}.Debug|Any CPU.Build.0 = Debug|Any CPU
		{08C03BB0-79F7-48DF-85D0-BA898F7176BB}.Release|Any CPU.ActiveCfg = Release|Any CPU
		{08C03BB0-79F7-48DF-85D0-BA898F7176BB}.Release|Any CPU.Build.0 = Release|Any CPU
		{7DDB8F6C-38CA-4777-8E55-A9DBCC3FA958}.Debug|Any CPU.ActiveCfg = Debug|Any CPU
		{7DDB8F6C-38CA-4777-8E55-A9DBCC3FA958}.Debug|Any CPU.Build.0 = Debug|Any CPU
		{7DDB8F6C-38CA-4777-8E55-A9DBCC3FA958}.Release|Any CPU.ActiveCfg = Release|Any CPU
		{7DDB8F6C-38CA-4777-8E55-A9DBCC3FA958}.Release|Any CPU.Build.0 = Release|Any CPU
		{785FAD97-51C9-4EED-A856-6873965CADA1}.Debug|Any CPU.ActiveCfg = Debug|Any CPU
		{785FAD97-51C9-4EED-A856-6873965CADA1}.Debug|Any CPU.Build.0 = Debug|Any CPU
		{785FAD97-51C9-4EED-A856-6873965CADA1}.Release|Any CPU.ActiveCfg = Release|Any CPU
		{785FAD97-51C9-4EED-A856-6873965CADA1}.Release|Any CPU.Build.0 = Release|Any CPU
		{31DC1FEF-5587-4B70-BB7F-9DFE76654D6D}.Debug|Any CPU.ActiveCfg = Debug|Any CPU
		{31DC1FEF-5587-4B70-BB7F-9DFE76654D6D}.Debug|Any CPU.Build.0 = Debug|Any CPU
		{31DC1FEF-5587-4B70-BB7F-9DFE76654D6D}.Release|Any CPU.ActiveCfg = Release|Any CPU
		{31DC1FEF-5587-4B70-BB7F-9DFE76654D6D}.Release|Any CPU.Build.0 = Release|Any CPU
		{A42F2B8A-2FC6-4C63-BC6A-20F85649543C}.Debug|Any CPU.ActiveCfg = Debug|Any CPU
		{A42F2B8A-2FC6-4C63-BC6A-20F85649543C}.Debug|Any CPU.Build.0 = Debug|Any CPU
		{A42F2B8A-2FC6-4C63-BC6A-20F85649543C}.Release|Any CPU.ActiveCfg = Release|Any CPU
		{A42F2B8A-2FC6-4C63-BC6A-20F85649543C}.Release|Any CPU.Build.0 = Release|Any CPU
		{D00D095E-5919-4704-BD79-B0F969B35B6B}.Debug|Any CPU.ActiveCfg = Debug|Any CPU
		{D00D095E-5919-4704-BD79-B0F969B35B6B}.Debug|Any CPU.Build.0 = Debug|Any CPU
		{D00D095E-5919-4704-BD79-B0F969B35B6B}.Release|Any CPU.ActiveCfg = Release|Any CPU
		{D00D095E-5919-4704-BD79-B0F969B35B6B}.Release|Any CPU.Build.0 = Release|Any CPU
		{0F301F0A-6E1F-4F11-BECB-A7259210EDC0}.Debug|Any CPU.ActiveCfg = Debug|Any CPU
		{0F301F0A-6E1F-4F11-BECB-A7259210EDC0}.Debug|Any CPU.Build.0 = Debug|Any CPU
		{0F301F0A-6E1F-4F11-BECB-A7259210EDC0}.Release|Any CPU.ActiveCfg = Release|Any CPU
		{0F301F0A-6E1F-4F11-BECB-A7259210EDC0}.Release|Any CPU.Build.0 = Release|Any CPU
		{BCC652E6-F3CD-401C-AD35-E245BEABBA44}.Debug|Any CPU.ActiveCfg = Debug|Any CPU
		{BCC652E6-F3CD-401C-AD35-E245BEABBA44}.Debug|Any CPU.Build.0 = Debug|Any CPU
		{BCC652E6-F3CD-401C-AD35-E245BEABBA44}.Release|Any CPU.ActiveCfg = Release|Any CPU
		{BCC652E6-F3CD-401C-AD35-E245BEABBA44}.Release|Any CPU.Build.0 = Release|Any CPU
		{5B041A5C-EAF5-4A43-8D7A-868935870F30}.Debug|Any CPU.ActiveCfg = Debug|Any CPU
		{5B041A5C-EAF5-4A43-8D7A-868935870F30}.Debug|Any CPU.Build.0 = Debug|Any CPU
		{5B041A5C-EAF5-4A43-8D7A-868935870F30}.Release|Any CPU.ActiveCfg = Release|Any CPU
		{5B041A5C-EAF5-4A43-8D7A-868935870F30}.Release|Any CPU.Build.0 = Release|Any CPU
		{0515C54B-5A90-4FC9-BBDD-BB10CEB282E3}.Debug|Any CPU.ActiveCfg = Debug|Any CPU
		{0515C54B-5A90-4FC9-BBDD-BB10CEB282E3}.Debug|Any CPU.Build.0 = Debug|Any CPU
		{0515C54B-5A90-4FC9-BBDD-BB10CEB282E3}.Release|Any CPU.ActiveCfg = Release|Any CPU
		{0515C54B-5A90-4FC9-BBDD-BB10CEB282E3}.Release|Any CPU.Build.0 = Release|Any CPU
		{3430D4BB-3EF5-4044-B547-942F4368E8D7}.Debug|Any CPU.ActiveCfg = Debug|Any CPU
		{3430D4BB-3EF5-4044-B547-942F4368E8D7}.Debug|Any CPU.Build.0 = Debug|Any CPU
		{3430D4BB-3EF5-4044-B547-942F4368E8D7}.Release|Any CPU.ActiveCfg = Release|Any CPU
		{3430D4BB-3EF5-4044-B547-942F4368E8D7}.Release|Any CPU.Build.0 = Release|Any CPU
		{CF514F71-32C3-4C60-AA13-6599C96DBA02}.Debug|Any CPU.ActiveCfg = Debug|Any CPU
		{CF514F71-32C3-4C60-AA13-6599C96DBA02}.Debug|Any CPU.Build.0 = Debug|Any CPU
		{CF514F71-32C3-4C60-AA13-6599C96DBA02}.Release|Any CPU.ActiveCfg = Release|Any CPU
		{CF514F71-32C3-4C60-AA13-6599C96DBA02}.Release|Any CPU.Build.0 = Release|Any CPU
		{5F12A4B6-9AB5-451A-87DD-2BE7A6F3F62B}.Debug|Any CPU.ActiveCfg = Debug|Any CPU
		{5F12A4B6-9AB5-451A-87DD-2BE7A6F3F62B}.Debug|Any CPU.Build.0 = Debug|Any CPU
		{5F12A4B6-9AB5-451A-87DD-2BE7A6F3F62B}.Release|Any CPU.ActiveCfg = Release|Any CPU
		{5F12A4B6-9AB5-451A-87DD-2BE7A6F3F62B}.Release|Any CPU.Build.0 = Release|Any CPU
	EndGlobalSection
	GlobalSection(SolutionProperties) = preSolution
		HideSolutionNode = FALSE
	EndGlobalSection
	GlobalSection(NestedProjects) = preSolution
		{F67EE3AD-B62E-4920-8284-D0BBF1365525} = {4127F96C-DFAE-4BD2-BF3A-91FE8E3E8BCC}
		{AA87D5DB-846F-4519-8160-7FB39E32E585} = {4127F96C-DFAE-4BD2-BF3A-91FE8E3E8BCC}
		{785FAD97-51C9-4EED-A856-6873965CADA1} = {4127F96C-DFAE-4BD2-BF3A-91FE8E3E8BCC}
		{31DC1FEF-5587-4B70-BB7F-9DFE76654D6D} = {4127F96C-DFAE-4BD2-BF3A-91FE8E3E8BCC}
		{5F12A4B6-9AB5-451A-87DD-2BE7A6F3F62B} = {4127F96C-DFAE-4BD2-BF3A-91FE8E3E8BCC}
	EndGlobalSection
	GlobalSection(ExtensibilityGlobals) = postSolution
		SolutionGuid = {6D0A1151-293D-4821-BC75-4A4E4DEC65DC}
	EndGlobalSection
EndGlobal
