
Microsoft Visual Studio Solution File, Format Version 12.00
# Visual Studio Version 16
VisualStudioVersion = 16.0.29519.181
MinimumVisualStudioVersion = 10.0.40219.1
Project("{FAE04EC0-301F-11D3-BF4B-00C04F79EFBC}") = "HelloWorld", "HelloWorld\HelloWorld.csproj", "{07CD977D-8736-4959-83C5-C596628A6917}"
EndProject
Project("{FAE04EC0-301F-11D3-BF4B-00C04F79EFBC}") = "4.CodeGrammar", "4.CodeGrammar\4.CodeGrammar.csproj", "{2745B881-83DE-4278-A1EF-246BD3FB9EF4}"
EndProject
Project("{FAE04EC0-301F-11D3-BF4B-00C04F79EFBC}") = "5.Array", "5.Array\5.Array.csproj", "{27398560-9F6B-4E39-9039-6189E1604A41}"
EndProject
Project("{FAE04EC0-301F-11D3-BF4B-00C04F79EFBC}") = "5-1. Array", "5-1. Array\5-1. Array.csproj", "{E1E203CE-7541-4C94-AE09-24E979A96668}"
EndProject
Project("{FAE04EC0-301F-11D3-BF4B-00C04F79EFBC}") = "5-3", "5-3\5-3.csproj", "{3C04F15D-555A-4B94-9D84-97D51094E5E5}"
EndProject
Project("{FAE04EC0-301F-11D3-BF4B-00C04F79EFBC}") = "5-4", "5-4\5-4.csproj", "{BB71C7B0-EF6D-42F3-ACE8-06C51FBF0024}"
EndProject
Project("{FAE04EC0-301F-11D3-BF4B-00C04F79EFBC}") = "6-0_FileStream", "6-0\6-0_FileStream.csproj", "{4BA81194-0685-4B36-A15D-D0E9C450EF9C}"
EndProject
Project("{FAE04EC0-301F-11D3-BF4B-00C04F79EFBC}") = "6-0 StreamReader", "6-0 StreamReader\6-0 StreamReader.csproj", "{A18BCC75-DDB4-4851-A9EE-5FA742DE7725}"
EndProject
Project("{FAE04EC0-301F-11D3-BF4B-00C04F79EFBC}") = "6-1", "6-1\6-1.csproj", "{914E649D-2C27-4F22-963E-7FFCEA67BB30}"
EndProject
Project("{FAE04EC0-301F-11D3-BF4B-00C04F79EFBC}") = "6-1-1", "6-1-1\6-1-1.csproj", "{36535BDD-E887-4CB0-8FC6-73FFCFD6303A}"
EndProject
Project("{FAE04EC0-301F-11D3-BF4B-00C04F79EFBC}") = "6-1-2", "6-1-2\6-1-2.csproj", "{3DBE580F-9892-4DDC-8A2A-DD97ED4EC90C}"
EndProject
Project("{FAE04EC0-301F-11D3-BF4B-00C04F79EFBC}") = "6-1-3", "6-1-3\6-1-3.csproj", "{D91CF0DE-7485-43F0-8E3C-82A53E3D8E5B}"
EndProject
Project("{FAE04EC0-301F-11D3-BF4B-00C04F79EFBC}") = "6-2-1 Serialize", "6-2-1 Serialize\6-2-1 Serialize.csproj", "{CB8C4438-3A53-4A6C-94CC-51D1639102C0}"
EndProject
Project("{FAE04EC0-301F-11D3-BF4B-00C04F79EFBC}") = "7-0 SmartRiceCooker", "7-0 SmartRiceCooker\7-0 SmartRiceCooker.csproj", "{35458F80-7292-4499-974E-0891006A5CAE}"
EndProject
Project("{FAE04EC0-301F-11D3-BF4B-00C04F79EFBC}") = "7-0-1 BackGroun_Foreground Color", "7-0-1 BackGroun_Foreground Color\7-0-1 BackGroun_Foreground Color.csproj", "{65B95F04-E1B8-45CB-B576-217DC83E9CFC}"
EndProject
Project("{FAE04EC0-301F-11D3-BF4B-00C04F79EFBC}") = "DelegateAndEvent", "DelegateAndEvent\DelegateAndEvent.csproj", "{93F07EB5-2758-434B-9D3A-C9E781BA5532}"
EndProject
Project("{FAE04EC0-301F-11D3-BF4B-00C04F79EFBC}") = "DelegateAndEvent2", "DelegateAndEvent2\DelegateAndEvent2.csproj", "{89EC23E5-57F5-42C8-9436-E6CC64677308}"
EndProject
Project("{FAE04EC0-301F-11D3-BF4B-00C04F79EFBC}") = "DelegateAndEvent3", "DelegateAndEvent3\DelegateAndEvent3.csproj", "{97BB2BA0-C7F0-48E1-901A-3088064027BB}"
EndProject
Project("{FAE04EC0-301F-11D3-BF4B-00C04F79EFBC}") = "Inheritance", "Inheritance\Inheritance.csproj", "{F7AD95C2-DF05-4080-8473-75C4FDA2B4C4}"
EndProject
Project("{FAE04EC0-301F-11D3-BF4B-00C04F79EFBC}") = "Inheritance2", "Inheritance2\Inheritance2.csproj", "{6ADF8C44-D174-4E54-95EB-E4A5C9F9B8C2}"
EndProject
Project("{FAE04EC0-301F-11D3-BF4B-00C04F79EFBC}") = "Polymorphism", "Polymorphism\Polymorphism.csproj", "{B8FA07C9-C49F-4B4D-B4B3-1C7E6ED5F8F1}"
EndProject
Project("{FAE04EC0-301F-11D3-BF4B-00C04F79EFBC}") = "BoxingAndUnboxing", "BoxingAndUnboxing\BoxingAndUnboxing.csproj", "{A9DF8ED6-77F4-4811-8F0E-86231F3E13B8}"
EndProject
Project("{FAE04EC0-301F-11D3-BF4B-00C04F79EFBC}") = "BoxingAndUnboxingWithUpcastingAndDownCasting", "BoxingAndUnboxingWithUpcastingAndDownCasting\BoxingAndUnboxingWithUpcastingAndDownCasting.csproj", "{A7F55552-2E93-4AFC-96ED-98037EE6AFBD}"
EndProject
Project("{FAE04EC0-301F-11D3-BF4B-00C04F79EFBC}") = "Interface", "Interface\Interface.csproj", "{480C1589-1936-42A8-95C0-5A0B57D03A5E}"
EndProject
Project("{FAE04EC0-301F-11D3-BF4B-00C04F79EFBC}") = "Indexer", "Indexer\Indexer.csproj", "{0D530718-EE8C-4991-B9CF-DA27E67997A0}"
EndProject
Project("{FAE04EC0-301F-11D3-BF4B-00C04F79EFBC}") = "ArrayList", "ArrayList\ArrayList.csproj", "{32C12FC7-197D-4322-BD2B-8DB7B1A86771}"
EndProject
Project("{2150E333-8FDC-42A3-9474-1A3956D46DE8}") = "LeetCode", "LeetCode", "{BE85D4C2-E57A-43CE-8D6B-EE89328B875F}"
EndProject
Project("{FAE04EC0-301F-11D3-BF4B-00C04F79EFBC}") = "TwoSum", "TwoSum\TwoSum.csproj", "{4C12A57D-E994-4E9E-9DD1-05A5537B53DB}"
EndProject
Project("{FAE04EC0-301F-11D3-BF4B-00C04F79EFBC}") = "Palindrome Number", "Palindrome Number\Palindrome Number.csproj", "{254A3B55-93B1-408C-9811-0FC69BF4CF5B}"
EndProject
Project("{FAE04EC0-301F-11D3-BF4B-00C04F79EFBC}") = "Collections", "ArrayList2\Collections.csproj", "{890ED25C-364C-4992-BB2D-ECC25A0BECF8}"
EndProject
Project("{FAE04EC0-301F-11D3-BF4B-00C04F79EFBC}") = "Generalization", "Generalization\Generalization.csproj", "{C55B0296-2F9B-4C09-892F-1F370ABF459C}"
EndProject
Project("{FAE04EC0-301F-11D3-BF4B-00C04F79EFBC}") = "Generalization2", "Generalization2\Generalization2.csproj", "{C3A98407-FCC3-418A-9D84-2C2E385753A7}"
EndProject
Project("{FAE04EC0-301F-11D3-BF4B-00C04F79EFBC}") = "Generalization3", "Generalization3\Generalization3.csproj", "{C3276792-D467-40F4-A00C-E76E1B535A71}"
EndProject
Project("{FAE04EC0-301F-11D3-BF4B-00C04F79EFBC}") = "Generic_Collections", "Generic_Collections\Generic_Collections.csproj", "{CF525F81-51B8-4B06-A7C4-FFB3D073582B}"
EndProject
Project("{FAE04EC0-301F-11D3-BF4B-00C04F79EFBC}") = "Generic_Collections2", "Generic_Collections2\Generic_Collections2.csproj", "{923F2E53-5CAC-4391-A9DF-ACD2FBBE2407}"
EndProject
Project("{FAE04EC0-301F-11D3-BF4B-00C04F79EFBC}") = "Generic_Collections3", "Generic_Collections3\Generic_Collections3.csproj", "{8C745164-00BE-4AE9-A2F5-A59D7E44E9C3}"
EndProject
Project("{FAE04EC0-301F-11D3-BF4B-00C04F79EFBC}") = "Generic_Collections4", "Generic_Collections4\Generic_Collections4.csproj", "{D75E1BAF-AB16-4FB4-BBF0-782F37C9F823}"
EndProject
Project("{FAE04EC0-301F-11D3-BF4B-00C04F79EFBC}") = "Delegate", "Delegate\Delegate.csproj", "{26E33EA7-6144-4567-AE7E-B50D139F1596}"
EndProject
Project("{FAE04EC0-301F-11D3-BF4B-00C04F79EFBC}") = "delegate_callback", "delegate_callback\delegate_callback.csproj", "{A136DF8D-72C2-439C-893C-5D99F04DA4E2}"
EndProject
Project("{FAE04EC0-301F-11D3-BF4B-00C04F79EFBC}") = "delegate_generic", "delegate_generic\delegate_generic.csproj", "{98F9C41F-6F07-4B51-A379-2BAEB56A0CE9}"
EndProject
Project("{FAE04EC0-301F-11D3-BF4B-00C04F79EFBC}") = "delegate_chain", "delegate_chain\delegate_chain.csproj", "{A0AC40C1-B8A7-4A5C-9F6A-8344ED869518}"
EndProject
Project("{FAE04EC0-301F-11D3-BF4B-00C04F79EFBC}") = "anonymous_type", "anonymous_type\anonymous_type.csproj", "{DF6D9287-7B45-4D9B-88C8-E9772F35101F}"
EndProject
Project("{FAE04EC0-301F-11D3-BF4B-00C04F79EFBC}") = "event_delegate", "event_delegate\event_delegate.csproj", "{2C1E9E3D-69C7-445F-9984-F58BF08997B1}"
EndProject
Project("{FAE04EC0-301F-11D3-BF4B-00C04F79EFBC}") = "lamda", "lamda\lamda.csproj", "{3FD06A8D-6FCC-4887-A2BD-3CFEC4731164}"
EndProject
Project("{FAE04EC0-301F-11D3-BF4B-00C04F79EFBC}") = "ReverseInteger", "ReverseInteger\ReverseInteger.csproj", "{A03EA1B9-35E8-49B1-823D-C071DC95F44C}"
EndProject
Project("{FAE04EC0-301F-11D3-BF4B-00C04F79EFBC}") = "reverseString", "reverseString\reverseString.csproj", "{1B3B4427-5389-43B2-85EB-64D7DF0423A9}"
EndProject
Project("{FAE04EC0-301F-11D3-BF4B-00C04F79EFBC}") = "sumTwoIntWithOutPlusSign", "sumTwoIntWithOutPlusSign\sumTwoIntWithOutPlusSign.csproj", "{93224507-7A85-4176-A035-964CEFFFDBCA}"
EndProject
Project("{FAE04EC0-301F-11D3-BF4B-00C04F79EFBC}") = "divisibleByTen", "divisibleByTen\divisibleByTen.csproj", "{DC80A594-C80E-4417-BBE9-450ED600B9A2}"
EndProject
Project("{FAE04EC0-301F-11D3-BF4B-00C04F79EFBC}") = "addGreetings", "addGreetings\addGreetings.csproj", "{88FF0F7E-7948-4C2E-9876-85AF9AEB9F89}"
EndProject
Project("{FAE04EC0-301F-11D3-BF4B-00C04F79EFBC}") = "Delete_starting_evens", "Delete_starting_evens\Delete_starting_evens.csproj", "{2AFE7C64-CFF9-41E8-B0E2-A5B3D601E6E6}"
EndProject
Global
	GlobalSection(SolutionConfigurationPlatforms) = preSolution
		Debug|Any CPU = Debug|Any CPU
		Release|Any CPU = Release|Any CPU
	EndGlobalSection
	GlobalSection(ProjectConfigurationPlatforms) = postSolution
		{07CD977D-8736-4959-83C5-C596628A6917}.Debug|Any CPU.ActiveCfg = Debug|Any CPU
		{07CD977D-8736-4959-83C5-C596628A6917}.Debug|Any CPU.Build.0 = Debug|Any CPU
		{07CD977D-8736-4959-83C5-C596628A6917}.Release|Any CPU.ActiveCfg = Release|Any CPU
		{07CD977D-8736-4959-83C5-C596628A6917}.Release|Any CPU.Build.0 = Release|Any CPU
		{2745B881-83DE-4278-A1EF-246BD3FB9EF4}.Debug|Any CPU.ActiveCfg = Debug|Any CPU
		{2745B881-83DE-4278-A1EF-246BD3FB9EF4}.Debug|Any CPU.Build.0 = Debug|Any CPU
		{2745B881-83DE-4278-A1EF-246BD3FB9EF4}.Release|Any CPU.ActiveCfg = Release|Any CPU
		{2745B881-83DE-4278-A1EF-246BD3FB9EF4}.Release|Any CPU.Build.0 = Release|Any CPU
		{27398560-9F6B-4E39-9039-6189E1604A41}.Debug|Any CPU.ActiveCfg = Debug|Any CPU
		{27398560-9F6B-4E39-9039-6189E1604A41}.Debug|Any CPU.Build.0 = Debug|Any CPU
		{27398560-9F6B-4E39-9039-6189E1604A41}.Release|Any CPU.ActiveCfg = Release|Any CPU
		{27398560-9F6B-4E39-9039-6189E1604A41}.Release|Any CPU.Build.0 = Release|Any CPU
		{E1E203CE-7541-4C94-AE09-24E979A96668}.Debug|Any CPU.ActiveCfg = Debug|Any CPU
		{E1E203CE-7541-4C94-AE09-24E979A96668}.Debug|Any CPU.Build.0 = Debug|Any CPU
		{E1E203CE-7541-4C94-AE09-24E979A96668}.Release|Any CPU.ActiveCfg = Release|Any CPU
		{E1E203CE-7541-4C94-AE09-24E979A96668}.Release|Any CPU.Build.0 = Release|Any CPU
		{3C04F15D-555A-4B94-9D84-97D51094E5E5}.Debug|Any CPU.ActiveCfg = Debug|Any CPU
		{3C04F15D-555A-4B94-9D84-97D51094E5E5}.Debug|Any CPU.Build.0 = Debug|Any CPU
		{3C04F15D-555A-4B94-9D84-97D51094E5E5}.Release|Any CPU.ActiveCfg = Release|Any CPU
		{3C04F15D-555A-4B94-9D84-97D51094E5E5}.Release|Any CPU.Build.0 = Release|Any CPU
		{BB71C7B0-EF6D-42F3-ACE8-06C51FBF0024}.Debug|Any CPU.ActiveCfg = Debug|Any CPU
		{BB71C7B0-EF6D-42F3-ACE8-06C51FBF0024}.Debug|Any CPU.Build.0 = Debug|Any CPU
		{BB71C7B0-EF6D-42F3-ACE8-06C51FBF0024}.Release|Any CPU.ActiveCfg = Release|Any CPU
		{BB71C7B0-EF6D-42F3-ACE8-06C51FBF0024}.Release|Any CPU.Build.0 = Release|Any CPU
		{4BA81194-0685-4B36-A15D-D0E9C450EF9C}.Debug|Any CPU.ActiveCfg = Debug|Any CPU
		{4BA81194-0685-4B36-A15D-D0E9C450EF9C}.Debug|Any CPU.Build.0 = Debug|Any CPU
		{4BA81194-0685-4B36-A15D-D0E9C450EF9C}.Release|Any CPU.ActiveCfg = Release|Any CPU
		{4BA81194-0685-4B36-A15D-D0E9C450EF9C}.Release|Any CPU.Build.0 = Release|Any CPU
		{A18BCC75-DDB4-4851-A9EE-5FA742DE7725}.Debug|Any CPU.ActiveCfg = Debug|Any CPU
		{A18BCC75-DDB4-4851-A9EE-5FA742DE7725}.Debug|Any CPU.Build.0 = Debug|Any CPU
		{A18BCC75-DDB4-4851-A9EE-5FA742DE7725}.Release|Any CPU.ActiveCfg = Release|Any CPU
		{A18BCC75-DDB4-4851-A9EE-5FA742DE7725}.Release|Any CPU.Build.0 = Release|Any CPU
		{914E649D-2C27-4F22-963E-7FFCEA67BB30}.Debug|Any CPU.ActiveCfg = Debug|Any CPU
		{914E649D-2C27-4F22-963E-7FFCEA67BB30}.Debug|Any CPU.Build.0 = Debug|Any CPU
		{914E649D-2C27-4F22-963E-7FFCEA67BB30}.Release|Any CPU.ActiveCfg = Release|Any CPU
		{914E649D-2C27-4F22-963E-7FFCEA67BB30}.Release|Any CPU.Build.0 = Release|Any CPU
		{36535BDD-E887-4CB0-8FC6-73FFCFD6303A}.Debug|Any CPU.ActiveCfg = Debug|Any CPU
		{36535BDD-E887-4CB0-8FC6-73FFCFD6303A}.Debug|Any CPU.Build.0 = Debug|Any CPU
		{36535BDD-E887-4CB0-8FC6-73FFCFD6303A}.Release|Any CPU.ActiveCfg = Release|Any CPU
		{36535BDD-E887-4CB0-8FC6-73FFCFD6303A}.Release|Any CPU.Build.0 = Release|Any CPU
		{3DBE580F-9892-4DDC-8A2A-DD97ED4EC90C}.Debug|Any CPU.ActiveCfg = Debug|Any CPU
		{3DBE580F-9892-4DDC-8A2A-DD97ED4EC90C}.Debug|Any CPU.Build.0 = Debug|Any CPU
		{3DBE580F-9892-4DDC-8A2A-DD97ED4EC90C}.Release|Any CPU.ActiveCfg = Release|Any CPU
		{3DBE580F-9892-4DDC-8A2A-DD97ED4EC90C}.Release|Any CPU.Build.0 = Release|Any CPU
		{D91CF0DE-7485-43F0-8E3C-82A53E3D8E5B}.Debug|Any CPU.ActiveCfg = Debug|Any CPU
		{D91CF0DE-7485-43F0-8E3C-82A53E3D8E5B}.Debug|Any CPU.Build.0 = Debug|Any CPU
		{D91CF0DE-7485-43F0-8E3C-82A53E3D8E5B}.Release|Any CPU.ActiveCfg = Release|Any CPU
		{D91CF0DE-7485-43F0-8E3C-82A53E3D8E5B}.Release|Any CPU.Build.0 = Release|Any CPU
		{CB8C4438-3A53-4A6C-94CC-51D1639102C0}.Debug|Any CPU.ActiveCfg = Debug|Any CPU
		{CB8C4438-3A53-4A6C-94CC-51D1639102C0}.Debug|Any CPU.Build.0 = Debug|Any CPU
		{CB8C4438-3A53-4A6C-94CC-51D1639102C0}.Release|Any CPU.ActiveCfg = Release|Any CPU
		{CB8C4438-3A53-4A6C-94CC-51D1639102C0}.Release|Any CPU.Build.0 = Release|Any CPU
		{35458F80-7292-4499-974E-0891006A5CAE}.Debug|Any CPU.ActiveCfg = Debug|Any CPU
		{35458F80-7292-4499-974E-0891006A5CAE}.Debug|Any CPU.Build.0 = Debug|Any CPU
		{35458F80-7292-4499-974E-0891006A5CAE}.Release|Any CPU.ActiveCfg = Release|Any CPU
		{35458F80-7292-4499-974E-0891006A5CAE}.Release|Any CPU.Build.0 = Release|Any CPU
		{65B95F04-E1B8-45CB-B576-217DC83E9CFC}.Debug|Any CPU.ActiveCfg = Debug|Any CPU
		{65B95F04-E1B8-45CB-B576-217DC83E9CFC}.Debug|Any CPU.Build.0 = Debug|Any CPU
		{65B95F04-E1B8-45CB-B576-217DC83E9CFC}.Release|Any CPU.ActiveCfg = Release|Any CPU
		{65B95F04-E1B8-45CB-B576-217DC83E9CFC}.Release|Any CPU.Build.0 = Release|Any CPU
		{93F07EB5-2758-434B-9D3A-C9E781BA5532}.Debug|Any CPU.ActiveCfg = Debug|Any CPU
		{93F07EB5-2758-434B-9D3A-C9E781BA5532}.Debug|Any CPU.Build.0 = Debug|Any CPU
		{93F07EB5-2758-434B-9D3A-C9E781BA5532}.Release|Any CPU.ActiveCfg = Release|Any CPU
		{93F07EB5-2758-434B-9D3A-C9E781BA5532}.Release|Any CPU.Build.0 = Release|Any CPU
		{89EC23E5-57F5-42C8-9436-E6CC64677308}.Debug|Any CPU.ActiveCfg = Debug|Any CPU
		{89EC23E5-57F5-42C8-9436-E6CC64677308}.Debug|Any CPU.Build.0 = Debug|Any CPU
		{89EC23E5-57F5-42C8-9436-E6CC64677308}.Release|Any CPU.ActiveCfg = Release|Any CPU
		{89EC23E5-57F5-42C8-9436-E6CC64677308}.Release|Any CPU.Build.0 = Release|Any CPU
		{97BB2BA0-C7F0-48E1-901A-3088064027BB}.Debug|Any CPU.ActiveCfg = Debug|Any CPU
		{97BB2BA0-C7F0-48E1-901A-3088064027BB}.Debug|Any CPU.Build.0 = Debug|Any CPU
		{97BB2BA0-C7F0-48E1-901A-3088064027BB}.Release|Any CPU.ActiveCfg = Release|Any CPU
		{97BB2BA0-C7F0-48E1-901A-3088064027BB}.Release|Any CPU.Build.0 = Release|Any CPU
		{F7AD95C2-DF05-4080-8473-75C4FDA2B4C4}.Debug|Any CPU.ActiveCfg = Debug|Any CPU
		{F7AD95C2-DF05-4080-8473-75C4FDA2B4C4}.Debug|Any CPU.Build.0 = Debug|Any CPU
		{F7AD95C2-DF05-4080-8473-75C4FDA2B4C4}.Release|Any CPU.ActiveCfg = Release|Any CPU
		{F7AD95C2-DF05-4080-8473-75C4FDA2B4C4}.Release|Any CPU.Build.0 = Release|Any CPU
		{6ADF8C44-D174-4E54-95EB-E4A5C9F9B8C2}.Debug|Any CPU.ActiveCfg = Debug|Any CPU
		{6ADF8C44-D174-4E54-95EB-E4A5C9F9B8C2}.Debug|Any CPU.Build.0 = Debug|Any CPU
		{6ADF8C44-D174-4E54-95EB-E4A5C9F9B8C2}.Release|Any CPU.ActiveCfg = Release|Any CPU
		{6ADF8C44-D174-4E54-95EB-E4A5C9F9B8C2}.Release|Any CPU.Build.0 = Release|Any CPU
		{B8FA07C9-C49F-4B4D-B4B3-1C7E6ED5F8F1}.Debug|Any CPU.ActiveCfg = Debug|Any CPU
		{B8FA07C9-C49F-4B4D-B4B3-1C7E6ED5F8F1}.Debug|Any CPU.Build.0 = Debug|Any CPU
		{B8FA07C9-C49F-4B4D-B4B3-1C7E6ED5F8F1}.Release|Any CPU.ActiveCfg = Release|Any CPU
		{B8FA07C9-C49F-4B4D-B4B3-1C7E6ED5F8F1}.Release|Any CPU.Build.0 = Release|Any CPU
		{A9DF8ED6-77F4-4811-8F0E-86231F3E13B8}.Debug|Any CPU.ActiveCfg = Debug|Any CPU
		{A9DF8ED6-77F4-4811-8F0E-86231F3E13B8}.Debug|Any CPU.Build.0 = Debug|Any CPU
		{A9DF8ED6-77F4-4811-8F0E-86231F3E13B8}.Release|Any CPU.ActiveCfg = Release|Any CPU
		{A9DF8ED6-77F4-4811-8F0E-86231F3E13B8}.Release|Any CPU.Build.0 = Release|Any CPU
		{A7F55552-2E93-4AFC-96ED-98037EE6AFBD}.Debug|Any CPU.ActiveCfg = Debug|Any CPU
		{A7F55552-2E93-4AFC-96ED-98037EE6AFBD}.Debug|Any CPU.Build.0 = Debug|Any CPU
		{A7F55552-2E93-4AFC-96ED-98037EE6AFBD}.Release|Any CPU.ActiveCfg = Release|Any CPU
		{A7F55552-2E93-4AFC-96ED-98037EE6AFBD}.Release|Any CPU.Build.0 = Release|Any CPU
		{480C1589-1936-42A8-95C0-5A0B57D03A5E}.Debug|Any CPU.ActiveCfg = Debug|Any CPU
		{480C1589-1936-42A8-95C0-5A0B57D03A5E}.Debug|Any CPU.Build.0 = Debug|Any CPU
		{480C1589-1936-42A8-95C0-5A0B57D03A5E}.Release|Any CPU.ActiveCfg = Release|Any CPU
		{480C1589-1936-42A8-95C0-5A0B57D03A5E}.Release|Any CPU.Build.0 = Release|Any CPU
		{0D530718-EE8C-4991-B9CF-DA27E67997A0}.Debug|Any CPU.ActiveCfg = Debug|Any CPU
		{0D530718-EE8C-4991-B9CF-DA27E67997A0}.Debug|Any CPU.Build.0 = Debug|Any CPU
		{0D530718-EE8C-4991-B9CF-DA27E67997A0}.Release|Any CPU.ActiveCfg = Release|Any CPU
		{0D530718-EE8C-4991-B9CF-DA27E67997A0}.Release|Any CPU.Build.0 = Release|Any CPU
		{32C12FC7-197D-4322-BD2B-8DB7B1A86771}.Debug|Any CPU.ActiveCfg = Debug|Any CPU
		{32C12FC7-197D-4322-BD2B-8DB7B1A86771}.Debug|Any CPU.Build.0 = Debug|Any CPU
		{32C12FC7-197D-4322-BD2B-8DB7B1A86771}.Release|Any CPU.ActiveCfg = Release|Any CPU
		{32C12FC7-197D-4322-BD2B-8DB7B1A86771}.Release|Any CPU.Build.0 = Release|Any CPU
		{4C12A57D-E994-4E9E-9DD1-05A5537B53DB}.Debug|Any CPU.ActiveCfg = Debug|Any CPU
		{4C12A57D-E994-4E9E-9DD1-05A5537B53DB}.Debug|Any CPU.Build.0 = Debug|Any CPU
		{4C12A57D-E994-4E9E-9DD1-05A5537B53DB}.Release|Any CPU.ActiveCfg = Release|Any CPU
		{4C12A57D-E994-4E9E-9DD1-05A5537B53DB}.Release|Any CPU.Build.0 = Release|Any CPU
		{254A3B55-93B1-408C-9811-0FC69BF4CF5B}.Debug|Any CPU.ActiveCfg = Debug|Any CPU
		{254A3B55-93B1-408C-9811-0FC69BF4CF5B}.Debug|Any CPU.Build.0 = Debug|Any CPU
		{254A3B55-93B1-408C-9811-0FC69BF4CF5B}.Release|Any CPU.ActiveCfg = Release|Any CPU
		{254A3B55-93B1-408C-9811-0FC69BF4CF5B}.Release|Any CPU.Build.0 = Release|Any CPU
		{890ED25C-364C-4992-BB2D-ECC25A0BECF8}.Debug|Any CPU.ActiveCfg = Debug|Any CPU
		{890ED25C-364C-4992-BB2D-ECC25A0BECF8}.Debug|Any CPU.Build.0 = Debug|Any CPU
		{890ED25C-364C-4992-BB2D-ECC25A0BECF8}.Release|Any CPU.ActiveCfg = Release|Any CPU
		{890ED25C-364C-4992-BB2D-ECC25A0BECF8}.Release|Any CPU.Build.0 = Release|Any CPU
		{C55B0296-2F9B-4C09-892F-1F370ABF459C}.Debug|Any CPU.ActiveCfg = Debug|Any CPU
		{C55B0296-2F9B-4C09-892F-1F370ABF459C}.Debug|Any CPU.Build.0 = Debug|Any CPU
		{C55B0296-2F9B-4C09-892F-1F370ABF459C}.Release|Any CPU.ActiveCfg = Release|Any CPU
		{C55B0296-2F9B-4C09-892F-1F370ABF459C}.Release|Any CPU.Build.0 = Release|Any CPU
		{C3A98407-FCC3-418A-9D84-2C2E385753A7}.Debug|Any CPU.ActiveCfg = Debug|Any CPU
		{C3A98407-FCC3-418A-9D84-2C2E385753A7}.Debug|Any CPU.Build.0 = Debug|Any CPU
		{C3A98407-FCC3-418A-9D84-2C2E385753A7}.Release|Any CPU.ActiveCfg = Release|Any CPU
		{C3A98407-FCC3-418A-9D84-2C2E385753A7}.Release|Any CPU.Build.0 = Release|Any CPU
		{C3276792-D467-40F4-A00C-E76E1B535A71}.Debug|Any CPU.ActiveCfg = Debug|Any CPU
		{C3276792-D467-40F4-A00C-E76E1B535A71}.Debug|Any CPU.Build.0 = Debug|Any CPU
		{C3276792-D467-40F4-A00C-E76E1B535A71}.Release|Any CPU.ActiveCfg = Release|Any CPU
		{C3276792-D467-40F4-A00C-E76E1B535A71}.Release|Any CPU.Build.0 = Release|Any CPU
		{CF525F81-51B8-4B06-A7C4-FFB3D073582B}.Debug|Any CPU.ActiveCfg = Debug|Any CPU
		{CF525F81-51B8-4B06-A7C4-FFB3D073582B}.Debug|Any CPU.Build.0 = Debug|Any CPU
		{CF525F81-51B8-4B06-A7C4-FFB3D073582B}.Release|Any CPU.ActiveCfg = Release|Any CPU
		{CF525F81-51B8-4B06-A7C4-FFB3D073582B}.Release|Any CPU.Build.0 = Release|Any CPU
		{923F2E53-5CAC-4391-A9DF-ACD2FBBE2407}.Debug|Any CPU.ActiveCfg = Debug|Any CPU
		{923F2E53-5CAC-4391-A9DF-ACD2FBBE2407}.Debug|Any CPU.Build.0 = Debug|Any CPU
		{923F2E53-5CAC-4391-A9DF-ACD2FBBE2407}.Release|Any CPU.ActiveCfg = Release|Any CPU
		{923F2E53-5CAC-4391-A9DF-ACD2FBBE2407}.Release|Any CPU.Build.0 = Release|Any CPU
		{8C745164-00BE-4AE9-A2F5-A59D7E44E9C3}.Debug|Any CPU.ActiveCfg = Debug|Any CPU
		{8C745164-00BE-4AE9-A2F5-A59D7E44E9C3}.Debug|Any CPU.Build.0 = Debug|Any CPU
		{8C745164-00BE-4AE9-A2F5-A59D7E44E9C3}.Release|Any CPU.ActiveCfg = Release|Any CPU
		{8C745164-00BE-4AE9-A2F5-A59D7E44E9C3}.Release|Any CPU.Build.0 = Release|Any CPU
		{D75E1BAF-AB16-4FB4-BBF0-782F37C9F823}.Debug|Any CPU.ActiveCfg = Debug|Any CPU
		{D75E1BAF-AB16-4FB4-BBF0-782F37C9F823}.Debug|Any CPU.Build.0 = Debug|Any CPU
		{D75E1BAF-AB16-4FB4-BBF0-782F37C9F823}.Release|Any CPU.ActiveCfg = Release|Any CPU
		{D75E1BAF-AB16-4FB4-BBF0-782F37C9F823}.Release|Any CPU.Build.0 = Release|Any CPU
		{26E33EA7-6144-4567-AE7E-B50D139F1596}.Debug|Any CPU.ActiveCfg = Debug|Any CPU
		{26E33EA7-6144-4567-AE7E-B50D139F1596}.Debug|Any CPU.Build.0 = Debug|Any CPU
		{26E33EA7-6144-4567-AE7E-B50D139F1596}.Release|Any CPU.ActiveCfg = Release|Any CPU
		{26E33EA7-6144-4567-AE7E-B50D139F1596}.Release|Any CPU.Build.0 = Release|Any CPU
		{A136DF8D-72C2-439C-893C-5D99F04DA4E2}.Debug|Any CPU.ActiveCfg = Debug|Any CPU
		{A136DF8D-72C2-439C-893C-5D99F04DA4E2}.Debug|Any CPU.Build.0 = Debug|Any CPU
		{A136DF8D-72C2-439C-893C-5D99F04DA4E2}.Release|Any CPU.ActiveCfg = Release|Any CPU
		{A136DF8D-72C2-439C-893C-5D99F04DA4E2}.Release|Any CPU.Build.0 = Release|Any CPU
		{98F9C41F-6F07-4B51-A379-2BAEB56A0CE9}.Debug|Any CPU.ActiveCfg = Debug|Any CPU
		{98F9C41F-6F07-4B51-A379-2BAEB56A0CE9}.Debug|Any CPU.Build.0 = Debug|Any CPU
		{98F9C41F-6F07-4B51-A379-2BAEB56A0CE9}.Release|Any CPU.ActiveCfg = Release|Any CPU
		{98F9C41F-6F07-4B51-A379-2BAEB56A0CE9}.Release|Any CPU.Build.0 = Release|Any CPU
		{A0AC40C1-B8A7-4A5C-9F6A-8344ED869518}.Debug|Any CPU.ActiveCfg = Debug|Any CPU
		{A0AC40C1-B8A7-4A5C-9F6A-8344ED869518}.Debug|Any CPU.Build.0 = Debug|Any CPU
		{A0AC40C1-B8A7-4A5C-9F6A-8344ED869518}.Release|Any CPU.ActiveCfg = Release|Any CPU
		{A0AC40C1-B8A7-4A5C-9F6A-8344ED869518}.Release|Any CPU.Build.0 = Release|Any CPU
		{DF6D9287-7B45-4D9B-88C8-E9772F35101F}.Debug|Any CPU.ActiveCfg = Debug|Any CPU
		{DF6D9287-7B45-4D9B-88C8-E9772F35101F}.Debug|Any CPU.Build.0 = Debug|Any CPU
		{DF6D9287-7B45-4D9B-88C8-E9772F35101F}.Release|Any CPU.ActiveCfg = Release|Any CPU
		{DF6D9287-7B45-4D9B-88C8-E9772F35101F}.Release|Any CPU.Build.0 = Release|Any CPU
		{2C1E9E3D-69C7-445F-9984-F58BF08997B1}.Debug|Any CPU.ActiveCfg = Debug|Any CPU
		{2C1E9E3D-69C7-445F-9984-F58BF08997B1}.Debug|Any CPU.Build.0 = Debug|Any CPU
		{2C1E9E3D-69C7-445F-9984-F58BF08997B1}.Release|Any CPU.ActiveCfg = Release|Any CPU
		{2C1E9E3D-69C7-445F-9984-F58BF08997B1}.Release|Any CPU.Build.0 = Release|Any CPU
		{3FD06A8D-6FCC-4887-A2BD-3CFEC4731164}.Debug|Any CPU.ActiveCfg = Debug|Any CPU
		{3FD06A8D-6FCC-4887-A2BD-3CFEC4731164}.Debug|Any CPU.Build.0 = Debug|Any CPU
		{3FD06A8D-6FCC-4887-A2BD-3CFEC4731164}.Release|Any CPU.ActiveCfg = Release|Any CPU
		{3FD06A8D-6FCC-4887-A2BD-3CFEC4731164}.Release|Any CPU.Build.0 = Release|Any CPU
		{A03EA1B9-35E8-49B1-823D-C071DC95F44C}.Debug|Any CPU.ActiveCfg = Debug|Any CPU
		{A03EA1B9-35E8-49B1-823D-C071DC95F44C}.Debug|Any CPU.Build.0 = Debug|Any CPU
		{A03EA1B9-35E8-49B1-823D-C071DC95F44C}.Release|Any CPU.ActiveCfg = Release|Any CPU
		{A03EA1B9-35E8-49B1-823D-C071DC95F44C}.Release|Any CPU.Build.0 = Release|Any CPU
		{1B3B4427-5389-43B2-85EB-64D7DF0423A9}.Debug|Any CPU.ActiveCfg = Debug|Any CPU
		{1B3B4427-5389-43B2-85EB-64D7DF0423A9}.Debug|Any CPU.Build.0 = Debug|Any CPU
		{1B3B4427-5389-43B2-85EB-64D7DF0423A9}.Release|Any CPU.ActiveCfg = Release|Any CPU
		{1B3B4427-5389-43B2-85EB-64D7DF0423A9}.Release|Any CPU.Build.0 = Release|Any CPU
		{93224507-7A85-4176-A035-964CEFFFDBCA}.Debug|Any CPU.ActiveCfg = Debug|Any CPU
		{93224507-7A85-4176-A035-964CEFFFDBCA}.Debug|Any CPU.Build.0 = Debug|Any CPU
		{93224507-7A85-4176-A035-964CEFFFDBCA}.Release|Any CPU.ActiveCfg = Release|Any CPU
		{93224507-7A85-4176-A035-964CEFFFDBCA}.Release|Any CPU.Build.0 = Release|Any CPU
		{DC80A594-C80E-4417-BBE9-450ED600B9A2}.Debug|Any CPU.ActiveCfg = Debug|Any CPU
		{DC80A594-C80E-4417-BBE9-450ED600B9A2}.Debug|Any CPU.Build.0 = Debug|Any CPU
		{DC80A594-C80E-4417-BBE9-450ED600B9A2}.Release|Any CPU.ActiveCfg = Release|Any CPU
		{DC80A594-C80E-4417-BBE9-450ED600B9A2}.Release|Any CPU.Build.0 = Release|Any CPU
		{88FF0F7E-7948-4C2E-9876-85AF9AEB9F89}.Debug|Any CPU.ActiveCfg = Debug|Any CPU
		{88FF0F7E-7948-4C2E-9876-85AF9AEB9F89}.Debug|Any CPU.Build.0 = Debug|Any CPU
		{88FF0F7E-7948-4C2E-9876-85AF9AEB9F89}.Release|Any CPU.ActiveCfg = Release|Any CPU
		{88FF0F7E-7948-4C2E-9876-85AF9AEB9F89}.Release|Any CPU.Build.0 = Release|Any CPU
		{2AFE7C64-CFF9-41E8-B0E2-A5B3D601E6E6}.Debug|Any CPU.ActiveCfg = Debug|Any CPU
		{2AFE7C64-CFF9-41E8-B0E2-A5B3D601E6E6}.Debug|Any CPU.Build.0 = Debug|Any CPU
		{2AFE7C64-CFF9-41E8-B0E2-A5B3D601E6E6}.Release|Any CPU.ActiveCfg = Release|Any CPU
		{2AFE7C64-CFF9-41E8-B0E2-A5B3D601E6E6}.Release|Any CPU.Build.0 = Release|Any CPU
	EndGlobalSection
	GlobalSection(SolutionProperties) = preSolution
		HideSolutionNode = FALSE
	EndGlobalSection
	GlobalSection(NestedProjects) = preSolution
		{4C12A57D-E994-4E9E-9DD1-05A5537B53DB} = {BE85D4C2-E57A-43CE-8D6B-EE89328B875F}
		{254A3B55-93B1-408C-9811-0FC69BF4CF5B} = {BE85D4C2-E57A-43CE-8D6B-EE89328B875F}
		{A03EA1B9-35E8-49B1-823D-C071DC95F44C} = {BE85D4C2-E57A-43CE-8D6B-EE89328B875F}
		{1B3B4427-5389-43B2-85EB-64D7DF0423A9} = {BE85D4C2-E57A-43CE-8D6B-EE89328B875F}
		{93224507-7A85-4176-A035-964CEFFFDBCA} = {BE85D4C2-E57A-43CE-8D6B-EE89328B875F}
		{DC80A594-C80E-4417-BBE9-450ED600B9A2} = {BE85D4C2-E57A-43CE-8D6B-EE89328B875F}
		{88FF0F7E-7948-4C2E-9876-85AF9AEB9F89} = {BE85D4C2-E57A-43CE-8D6B-EE89328B875F}
		{2AFE7C64-CFF9-41E8-B0E2-A5B3D601E6E6} = {BE85D4C2-E57A-43CE-8D6B-EE89328B875F}
	EndGlobalSection
	GlobalSection(ExtensibilityGlobals) = postSolution
		SolutionGuid = {E3D436C7-6C3B-4FC8-88AB-1B3B4491F177}
	EndGlobalSection
EndGlobal
