
Microsoft Visual Studio Solution File, Format Version 12.00
# Visual Studio Version 16
VisualStudioVersion = 16.0.29519.181
MinimumVisualStudioVersion = 10.0.40219.1
Project("{FAE04EC0-301F-11D3-BF4B-00C04F79EFBC}") = "Csharp_Generic", "Csharp_Generic.csproj", "{7EBB0148-D4A5-460D-BF6A-70E3E2C0857C}"
EndProject
Global
	GlobalSection(SolutionConfigurationPlatforms) = preSolution
		Debug|Any CPU = Debug|Any CPU
		Release|Any CPU = Release|Any CPU
	EndGlobalSection
	GlobalSection(ProjectConfigurationPlatforms) = postSolution
		{7EBB0148-D4A5-460D-BF6A-70E3E2C0857C}.Debug|Any CPU.ActiveCfg = Debug|Any CPU
		{7EBB0148-D4A5-460D-BF6A-70E3E2C0857C}.Debug|Any CPU.Build.0 = Debug|Any CPU
		{7EBB0148-D4A5-460D-BF6A-70E3E2C0857C}.Release|Any CPU.ActiveCfg = Release|Any CPU
		{7EBB0148-D4A5-460D-BF6A-70E3E2C0857C}.Release|Any CPU.Build.0 = Release|Any CPU
	EndGlobalSection
	GlobalSection(SolutionProperties) = preSolution
		HideSolutionNode = FALSE
	EndGlobalSection
	GlobalSection(ExtensibilityGlobals) = postSolution
		SolutionGuid = {200E10AE-717B-4F82-AF84-42E6006CC02E}
	EndGlobalSection
EndGlobal
