
Microsoft Visual Studio Solution File, Format Version 12.00
# Visual Studio Version 16
VisualStudioVersion = 16.0.29519.181
MinimumVisualStudioVersion = 10.0.40219.1
Project("{FAE04EC0-301F-11D3-BF4B-00C04F79EFBC}") = "LoopChallenge", "LoopChallenge.csproj", "{02BE9FAC-1A97-493A-B9F8-5A3CBD1E322C}"
EndProject
Global
	GlobalSection(SolutionConfigurationPlatforms) = preSolution
		Debug|Any CPU = Debug|Any CPU
		Release|Any CPU = Release|Any CPU
	EndGlobalSection
	GlobalSection(ProjectConfigurationPlatforms) = postSolution
		{02BE9FAC-1A97-493A-B9F8-5A3CBD1E322C}.Debug|Any CPU.ActiveCfg = Debug|Any CPU
		{02BE9FAC-1A97-493A-B9F8-5A3CBD1E322C}.Debug|Any CPU.Build.0 = Debug|Any CPU
		{02BE9FAC-1A97-493A-B9F8-5A3CBD1E322C}.Release|Any CPU.ActiveCfg = Release|Any CPU
		{02BE9FAC-1A97-493A-B9F8-5A3CBD1E322C}.Release|Any CPU.Build.0 = Release|Any CPU
	EndGlobalSection
	GlobalSection(SolutionProperties) = preSolution
		HideSolutionNode = FALSE
	EndGlobalSection
	GlobalSection(ExtensibilityGlobals) = postSolution
		SolutionGuid = {F5B309A9-E437-47FD-9E95-B5D1ACD38971}
	EndGlobalSection
EndGlobal
