
Microsoft Visual Studio Solution File, Format Version 12.00
# Visual Studio Version 16
VisualStudioVersion = 16.0.29519.181
MinimumVisualStudioVersion = 10.0.40219.1
Project("{FAE04EC0-301F-11D3-BF4B-00C04F79EFBC}") = "CSharpt_Exception_Try_Catch", "CSharpt_Exception_Try_Catch.csproj", "{376DBFA7-4C3F-45FF-AD29-A6078094075D}"
EndProject
Global
	GlobalSection(SolutionConfigurationPlatforms) = preSolution
		Debug|Any CPU = Debug|Any CPU
		Release|Any CPU = Release|Any CPU
	EndGlobalSection
	GlobalSection(ProjectConfigurationPlatforms) = postSolution
		{376DBFA7-4C3F-45FF-AD29-A6078094075D}.Debug|Any CPU.ActiveCfg = Debug|Any CPU
		{376DBFA7-4C3F-45FF-AD29-A6078094075D}.Debug|Any CPU.Build.0 = Debug|Any CPU
		{376DBFA7-4C3F-45FF-AD29-A6078094075D}.Release|Any CPU.ActiveCfg = Release|Any CPU
		{376DBFA7-4C3F-45FF-AD29-A6078094075D}.Release|Any CPU.Build.0 = Release|Any CPU
	EndGlobalSection
	GlobalSection(SolutionProperties) = preSolution
		HideSolutionNode = FALSE
	EndGlobalSection
	GlobalSection(ExtensibilityGlobals) = postSolution
		SolutionGuid = {C190E057-F69A-40CC-ABA9-F790000EA121}
	EndGlobalSection
EndGlobal
