
Microsoft Visual Studio Solution File, Format Version 12.00
# Visual Studio Version 16
VisualStudioVersion = 16.0.29519.181
MinimumVisualStudioVersion = 10.0.40219.1
Project("{FAE04EC0-301F-11D3-BF4B-00C04F79EFBC}") = "CSC205_Property", "CSC205_Property.csproj", "{1D80BBA5-1899-4606-BB82-DB032E365257}"
EndProject
Global
	GlobalSection(SolutionConfigurationPlatforms) = preSolution
		Debug|Any CPU = Debug|Any CPU
		Release|Any CPU = Release|Any CPU
	EndGlobalSection
	GlobalSection(ProjectConfigurationPlatforms) = postSolution
		{1D80BBA5-1899-4606-BB82-DB032E365257}.Debug|Any CPU.ActiveCfg = Debug|Any CPU
		{1D80BBA5-1899-4606-BB82-DB032E365257}.Debug|Any CPU.Build.0 = Debug|Any CPU
		{1D80BBA5-1899-4606-BB82-DB032E365257}.Release|Any CPU.ActiveCfg = Release|Any CPU
		{1D80BBA5-1899-4606-BB82-DB032E365257}.Release|Any CPU.Build.0 = Release|Any CPU
	EndGlobalSection
	GlobalSection(SolutionProperties) = preSolution
		HideSolutionNode = FALSE
	EndGlobalSection
	GlobalSection(ExtensibilityGlobals) = postSolution
		SolutionGuid = {01268203-46E1-4174-BA70-AEFA82684D5B}
	EndGlobalSection
EndGlobal
